// !$*UTF8*$!
{
	archiveVersion = 1;
	classes = {
	};
	objectVersion = 46;
	objects = {

/* Begin PBXBuildFile section */
		8740ECE81C3FA998001F2E8B /* AppDelegate.swift in Sources */ = {isa = PBXBuildFile; fileRef = 8740ECE71C3FA998001F2E8B /* AppDelegate.swift */; };
		8740ECEA1C3FA998001F2E8B /* ViewController.swift in Sources */ = {isa = PBXBuildFile; fileRef = 8740ECE91C3FA998001F2E8B /* ViewController.swift */; };
		8740ECED1C3FA998001F2E8B /* Main.storyboard in Resources */ = {isa = PBXBuildFile; fileRef = 8740ECEB1C3FA998001F2E8B /* Main.storyboard */; };
		8740ECEF1C3FA998001F2E8B /* Assets.xcassets in Resources */ = {isa = PBXBuildFile; fileRef = 8740ECEE1C3FA998001F2E8B /* Assets.xcassets */; };
		8740ECF21C3FA998001F2E8B /* LaunchScreen.storyboard in Resources */ = {isa = PBXBuildFile; fileRef = 8740ECF01C3FA998001F2E8B /* LaunchScreen.storyboard */; };
		8740ECFD1C3FAD0B001F2E8B /* SwiftyJSON.framework in Frameworks */ = {isa = PBXBuildFile; fileRef = 8740ECF91C3FAD0B001F2E8B /* SwiftyJSON.framework */; };
		8740ECFE1C3FAD0B001F2E8B /* SwiftyJSON.framework in Embed Frameworks */ = {isa = PBXBuildFile; fileRef = 8740ECF91C3FAD0B001F2E8B /* SwiftyJSON.framework */; settings = {ATTRIBUTES = (CodeSignOnCopy, RemoveHeadersOnCopy, ); }; };
		8740ECFF1C3FAD0B001F2E8B /* SnapKit.framework in Frameworks */ = {isa = PBXBuildFile; fileRef = 8740ECFA1C3FAD0B001F2E8B /* SnapKit.framework */; };
		8740ED001C3FAD0B001F2E8B /* SnapKit.framework in Embed Frameworks */ = {isa = PBXBuildFile; fileRef = 8740ECFA1C3FAD0B001F2E8B /* SnapKit.framework */; settings = {ATTRIBUTES = (CodeSignOnCopy, RemoveHeadersOnCopy, ); }; };
		8740ED011C3FAD0B001F2E8B /* Alamofire.framework in Frameworks */ = {isa = PBXBuildFile; fileRef = 8740ECFB1C3FAD0B001F2E8B /* Alamofire.framework */; };
		8740ED021C3FAD0B001F2E8B /* Alamofire.framework in Embed Frameworks */ = {isa = PBXBuildFile; fileRef = 8740ECFB1C3FAD0B001F2E8B /* Alamofire.framework */; settings = {ATTRIBUTES = (CodeSignOnCopy, RemoveHeadersOnCopy, ); }; };
		8740ED031C3FAD0B001F2E8B /* RealmSwift.framework in Frameworks */ = {isa = PBXBuildFile; fileRef = 8740ECFC1C3FAD0B001F2E8B /* RealmSwift.framework */; };
		8740ED041C3FAD0B001F2E8B /* RealmSwift.framework in Embed Frameworks */ = {isa = PBXBuildFile; fileRef = 8740ECFC1C3FAD0B001F2E8B /* RealmSwift.framework */; settings = {ATTRIBUTES = (CodeSignOnCopy, RemoveHeadersOnCopy, ); }; };
		8740ED081C3FAD75001F2E8B /* Realm.framework in Frameworks */ = {isa = PBXBuildFile; fileRef = 8740ED071C3FAD75001F2E8B /* Realm.framework */; };
		8740ED091C3FAD75001F2E8B /* Realm.framework in Embed Frameworks */ = {isa = PBXBuildFile; fileRef = 8740ED071C3FAD75001F2E8B /* Realm.framework */; settings = {ATTRIBUTES = (CodeSignOnCopy, RemoveHeadersOnCopy, ); }; };
		8740ED0D1C3FAE09001F2E8B /* LoginNavigationController.swift in Sources */ = {isa = PBXBuildFile; fileRef = 8740ED0C1C3FAE09001F2E8B /* LoginNavigationController.swift */; };
		8740ED0F1C3FAE67001F2E8B /* LoginViewController.swift in Sources */ = {isa = PBXBuildFile; fileRef = 8740ED0E1C3FAE67001F2E8B /* LoginViewController.swift */; };
/* End PBXBuildFile section */

/* Begin PBXCopyFilesBuildPhase section */
		8740ED051C3FAD0C001F2E8B /* Embed Frameworks */ = {
			isa = PBXCopyFilesBuildPhase;
			buildActionMask = 2147483647;
			dstPath = "";
			dstSubfolderSpec = 10;
			files = (
				8740ECFE1C3FAD0B001F2E8B /* SwiftyJSON.framework in Embed Frameworks */,
				8740ED021C3FAD0B001F2E8B /* Alamofire.framework in Embed Frameworks */,
				8740ED041C3FAD0B001F2E8B /* RealmSwift.framework in Embed Frameworks */,
				8740ED001C3FAD0B001F2E8B /* SnapKit.framework in Embed Frameworks */,
				8740ED091C3FAD75001F2E8B /* Realm.framework in Embed Frameworks */,
			);
			name = "Embed Frameworks";
			runOnlyForDeploymentPostprocessing = 0;
		};
/* End PBXCopyFilesBuildPhase section */

/* Begin PBXFileReference section */
		8740ECE41C3FA998001F2E8B /* HomeAccess.app */ = {isa = PBXFileReference; explicitFileType = wrapper.application; includeInIndex = 0; path = HomeAccess.app; sourceTree = BUILT_PRODUCTS_DIR; };
		8740ECE71C3FA998001F2E8B /* AppDelegate.swift */ = {isa = PBXFileReference; lastKnownFileType = sourcecode.swift; path = AppDelegate.swift; sourceTree = "<group>"; };
		8740ECE91C3FA998001F2E8B /* ViewController.swift */ = {isa = PBXFileReference; lastKnownFileType = sourcecode.swift; path = ViewController.swift; sourceTree = "<group>"; };
		8740ECEC1C3FA998001F2E8B /* Base */ = {isa = PBXFileReference; lastKnownFileType = file.storyboard; name = Base; path = Base.lproj/Main.storyboard; sourceTree = "<group>"; };
		8740ECEE1C3FA998001F2E8B /* Assets.xcassets */ = {isa = PBXFileReference; lastKnownFileType = folder.assetcatalog; path = Assets.xcassets; sourceTree = "<group>"; };
		8740ECF11C3FA998001F2E8B /* Base */ = {isa = PBXFileReference; lastKnownFileType = file.storyboard; name = Base; path = Base.lproj/LaunchScreen.storyboard; sourceTree = "<group>"; };
		8740ECF31C3FA998001F2E8B /* Info.plist */ = {isa = PBXFileReference; lastKnownFileType = text.plist.xml; path = Info.plist; sourceTree = "<group>"; };
		8740ECF91C3FAD0B001F2E8B /* SwiftyJSON.framework */ = {isa = PBXFileReference; lastKnownFileType = wrapper.framework; name = SwiftyJSON.framework; path = Carthage/Build/iOS/SwiftyJSON.framework; sourceTree = "<group>"; };
		8740ECFA1C3FAD0B001F2E8B /* SnapKit.framework */ = {isa = PBXFileReference; lastKnownFileType = wrapper.framework; name = SnapKit.framework; path = Carthage/Build/iOS/SnapKit.framework; sourceTree = "<group>"; };
		8740ECFB1C3FAD0B001F2E8B /* Alamofire.framework */ = {isa = PBXFileReference; lastKnownFileType = wrapper.framework; name = Alamofire.framework; path = Carthage/Build/iOS/Alamofire.framework; sourceTree = "<group>"; };
		8740ECFC1C3FAD0B001F2E8B /* RealmSwift.framework */ = {isa = PBXFileReference; lastKnownFileType = wrapper.framework; name = RealmSwift.framework; path = Carthage/Build/iOS/RealmSwift.framework; sourceTree = "<group>"; };
		8740ED071C3FAD75001F2E8B /* Realm.framework */ = {isa = PBXFileReference; lastKnownFileType = wrapper.framework; name = Realm.framework; path = Carthage/Build/iOS/Realm.framework; sourceTree = "<group>"; };
		8740ED0C1C3FAE09001F2E8B /* LoginNavigationController.swift */ = {isa = PBXFileReference; fileEncoding = 4; lastKnownFileType = sourcecode.swift; path = LoginNavigationController.swift; sourceTree = "<group>"; };
		8740ED0E1C3FAE67001F2E8B /* LoginViewController.swift */ = {isa = PBXFileReference; fileEncoding = 4; lastKnownFileType = sourcecode.swift; path = LoginViewController.swift; sourceTree = "<group>"; };
/* End PBXFileReference section */

/* Begin PBXFrameworksBuildPhase section */
		8740ECE11C3FA998001F2E8B /* Frameworks */ = {
			isa = PBXFrameworksBuildPhase;
			buildActionMask = 2147483647;
			files = (
				8740ECFD1C3FAD0B001F2E8B /* SwiftyJSON.framework in Frameworks */,
				8740ED011C3FAD0B001F2E8B /* Alamofire.framework in Frameworks */,
				8740ED031C3FAD0B001F2E8B /* RealmSwift.framework in Frameworks */,
				8740ECFF1C3FAD0B001F2E8B /* SnapKit.framework in Frameworks */,
				8740ED081C3FAD75001F2E8B /* Realm.framework in Frameworks */,
			);
			runOnlyForDeploymentPostprocessing = 0;
		};
/* End PBXFrameworksBuildPhase section */

/* Begin PBXGroup section */
		8740ECDB1C3FA998001F2E8B = {
			isa = PBXGroup;
			children = (
				8740ED071C3FAD75001F2E8B /* Realm.framework */,
				8740ECF91C3FAD0B001F2E8B /* SwiftyJSON.framework */,
				8740ECFA1C3FAD0B001F2E8B /* SnapKit.framework */,
				8740ECFB1C3FAD0B001F2E8B /* Alamofire.framework */,
				8740ECFC1C3FAD0B001F2E8B /* RealmSwift.framework */,
				8740ECE61C3FA998001F2E8B /* HomeAccess */,
				8740ECE51C3FA998001F2E8B /* Products */,
			);
			sourceTree = "<group>";
		};
		8740ECE51C3FA998001F2E8B /* Products */ = {
			isa = PBXGroup;
			children = (
				8740ECE41C3FA998001F2E8B /* HomeAccess.app */,
			);
			name = Products;
			sourceTree = "<group>";
		};
		8740ECE61C3FA998001F2E8B /* HomeAccess */ = {
			isa = PBXGroup;
			children = (
				8740ECE71C3FA998001F2E8B /* AppDelegate.swift */,
				8740ECE91C3FA998001F2E8B /* ViewController.swift */,
				8740ECEB1C3FA998001F2E8B /* Main.storyboard */,
				8740ED0C1C3FAE09001F2E8B /* LoginNavigationController.swift */,
				8740ED0E1C3FAE67001F2E8B /* LoginViewController.swift */,
				8740ECEE1C3FA998001F2E8B /* Assets.xcassets */,
				8740ECF01C3FA998001F2E8B /* LaunchScreen.storyboard */,
				8740ECF31C3FA998001F2E8B /* Info.plist */,
			);
			path = HomeAccess;
			sourceTree = "<group>";
		};
/* End PBXGroup section */

/* Begin PBXNativeTarget section */
		8740ECE31C3FA998001F2E8B /* HomeAccess */ = {
			isa = PBXNativeTarget;
			buildConfigurationList = 8740ECF61C3FA998001F2E8B /* Build configuration list for PBXNativeTarget "HomeAccess" */;
			buildPhases = (
				8740ECE01C3FA998001F2E8B /* Sources */,
				8740ECE11C3FA998001F2E8B /* Frameworks */,
				8740ECE21C3FA998001F2E8B /* Resources */,
				8740ED051C3FAD0C001F2E8B /* Embed Frameworks */,
				8740ED061C3FAD27001F2E8B /* ShellScript */,
			);
			buildRules = (
			);
			dependencies = (
			);
			name = HomeAccess;
			productName = HomeAccess;
			productReference = 8740ECE41C3FA998001F2E8B /* HomeAccess.app */;
			productType = "com.apple.product-type.application";
		};
/* End PBXNativeTarget section */

/* Begin PBXProject section */
		8740ECDC1C3FA998001F2E8B /* Project object */ = {
			isa = PBXProject;
			attributes = {
				LastSwiftUpdateCheck = 0720;
				LastUpgradeCheck = 0720;
				ORGANIZATIONNAME = MarcoLi;
				TargetAttributes = {
					8740ECE31C3FA998001F2E8B = {
						CreatedOnToolsVersion = 7.2;
					};
				};
			};
			buildConfigurationList = 8740ECDF1C3FA998001F2E8B /* Build configuration list for PBXProject "HomeAccess" */;
			compatibilityVersion = "Xcode 3.2";
			developmentRegion = English;
			hasScannedForEncodings = 0;
			knownRegions = (
				en,
				Base,
			);
			mainGroup = 8740ECDB1C3FA998001F2E8B;
			productRefGroup = 8740ECE51C3FA998001F2E8B /* Products */;
			projectDirPath = "";
			projectRoot = "";
			targets = (
				8740ECE31C3FA998001F2E8B /* HomeAccess */,
			);
		};
/* End PBXProject section */

/* Begin PBXResourcesBuildPhase section */
		8740ECE21C3FA998001F2E8B /* Resources */ = {
			isa = PBXResourcesBuildPhase;
			buildActionMask = 2147483647;
			files = (
				8740ECF21C3FA998001F2E8B /* LaunchScreen.storyboard in Resources */,
				8740ECEF1C3FA998001F2E8B /* Assets.xcassets in Resources */,
				8740ECED1C3FA998001F2E8B /* Main.storyboard in Resources */,
			);
			runOnlyForDeploymentPostprocessing = 0;
		};
/* End PBXResourcesBuildPhase section */

/* Begin PBXShellScriptBuildPhase section */
		8740ED061C3FAD27001F2E8B /* ShellScript */ = {
			isa = PBXShellScriptBuildPhase;
			buildActionMask = 2147483647;
			files = (
			);
			inputPaths = (
				"$(SRCROOT)/Carthage/Build/iOS/Realm.framework",
				"$(SRCROOT)/Carthage/Build/iOS/RealmSwift.framework",
			);
			outputPaths = (
			);
			runOnlyForDeploymentPostprocessing = 0;
			shellPath = /bin/sh;
			shellScript = "/usr/local/bin/carthage copy-frameworks\n";
		};
/* End PBXShellScriptBuildPhase section */

/* Begin PBXSourcesBuildPhase section */
		8740ECE01C3FA998001F2E8B /* Sources */ = {
			isa = PBXSourcesBuildPhase;
			buildActionMask = 2147483647;
			files = (
				8740ED0F1C3FAE67001F2E8B /* LoginViewController.swift in Sources */,
				8740ECEA1C3FA998001F2E8B /* ViewController.swift in Sources */,
				8740ED0D1C3FAE09001F2E8B /* LoginNavigationController.swift in Sources */,
				8740ECE81C3FA998001F2E8B /* AppDelegate.swift in Sources */,
			);
			runOnlyForDeploymentPostprocessing = 0;
		};
/* End PBXSourcesBuildPhase section */

/* Begin PBXVariantGroup section */
		8740ECEB1C3FA998001F2E8B /* Main.storyboard */ = {
			isa = PBXVariantGroup;
			children = (
				8740ECEC1C3FA998001F2E8B /* Base */,
			);
			name = Main.storyboard;
			sourceTree = "<group>";
		};
		8740ECF01C3FA998001F2E8B /* LaunchScreen.storyboard */ = {
			isa = PBXVariantGroup;
			children = (
				8740ECF11C3FA998001F2E8B /* Base */,
			);
			name = LaunchScreen.storyboard;
			sourceTree = "<group>";
		};
/* End PBXVariantGroup section */

/* Begin XCBuildConfiguration section */
		8740ECF41C3FA998001F2E8B /* Debug */ = {
			isa = XCBuildConfiguration;
			buildSettings = {
				ALWAYS_SEARCH_USER_PATHS = NO;
				CLANG_CXX_LANGUAGE_STANDARD = "gnu++0x";
				CLANG_CXX_LIBRARY = "libc++";
				CLANG_ENABLE_MODULES = YES;
				CLANG_ENABLE_OBJC_ARC = YES;
				CLANG_WARN_BOOL_CONVERSION = YES;
				CLANG_WARN_CONSTANT_CONVERSION = YES;
				CLANG_WARN_DIRECT_OBJC_ISA_USAGE = YES_ERROR;
				CLANG_WARN_EMPTY_BODY = YES;
				CLANG_WARN_ENUM_CONVERSION = YES;
				CLANG_WARN_INT_CONVERSION = YES;
				CLANG_WARN_OBJC_ROOT_CLASS = YES_ERROR;
				CLANG_WARN_UNREACHABLE_CODE = YES;
				CLANG_WARN__DUPLICATE_METHOD_MATCH = YES;
				"CODE_SIGN_IDENTITY[sdk=iphoneos*]" = "iPhone Developer";
				COPY_PHASE_STRIP = NO;
				DEBUG_INFORMATION_FORMAT = dwarf;
				ENABLE_STRICT_OBJC_MSGSEND = YES;
				ENABLE_TESTABILITY = YES;
				GCC_C_LANGUAGE_STANDARD = gnu99;
				GCC_DYNAMIC_NO_PIC = NO;
				GCC_NO_COMMON_BLOCKS = YES;
				GCC_OPTIMIZATION_LEVEL = 0;
				GCC_PREPROCESSOR_DEFINITIONS = (
					"DEBUG=1",
					"$(inherited)",
				);
				GCC_WARN_64_TO_32_BIT_CONVERSION = YES;
				GCC_WARN_ABOUT_RETURN_TYPE = YES_ERROR;
				GCC_WARN_UNDECLARED_SELECTOR = YES;
				GCC_WARN_UNINITIALIZED_AUTOS = YES_AGGRESSIVE;
				GCC_WARN_UNUSED_FUNCTION = YES;
				GCC_WARN_UNUSED_VARIABLE = YES;
				IPHONEOS_DEPLOYMENT_TARGET = 9.2;
				MTL_ENABLE_DEBUG_INFO = YES;
				ONLY_ACTIVE_ARCH = YES;
				SDKROOT = iphoneos;
				SWIFT_OPTIMIZATION_LEVEL = "-Onone";
			};
			name = Debug;
		};
		8740ECF51C3FA998001F2E8B /* Release */ = {
			isa = XCBuildConfiguration;
			buildSettings = {
				ALWAYS_SEARCH_USER_PATHS = NO;
				CLANG_CXX_LANGUAGE_STANDARD = "gnu++0x";
				CLANG_CXX_LIBRARY = "libc++";
				CLANG_ENABLE_MODULES = YES;
				CLANG_ENABLE_OBJC_ARC = YES;
				CLANG_WARN_BOOL_CONVERSION = YES;
				CLANG_WARN_CONSTANT_CONVERSION = YES;
				CLANG_WARN_DIRECT_OBJC_ISA_USAGE = YES_ERROR;
				CLANG_WARN_EMPTY_BODY = YES;
				CLANG_WARN_ENUM_CONVERSION = YES;
				CLANG_WARN_INT_CONVERSION = YES;
				CLANG_WARN_OBJC_ROOT_CLASS = YES_ERROR;
				CLANG_WARN_UNREACHABLE_CODE = YES;
				CLANG_WARN__DUPLICATE_METHOD_MATCH = YES;
				"CODE_SIGN_IDENTITY[sdk=iphoneos*]" = "iPhone Developer";
				COPY_PHASE_STRIP = NO;
				DEBUG_INFORMATION_FORMAT = "dwarf-with-dsym";
				ENABLE_NS_ASSERTIONS = NO;
				ENABLE_STRICT_OBJC_MSGSEND = YES;
				GCC_C_LANGUAGE_STANDARD = gnu99;
				GCC_NO_COMMON_BLOCKS = YES;
				GCC_WARN_64_TO_32_BIT_CONVERSION = YES;
				GCC_WARN_ABOUT_RETURN_TYPE = YES_ERROR;
				GCC_WARN_UNDECLARED_SELECTOR = YES;
				GCC_WARN_UNINITIALIZED_AUTOS = YES_AGGRESSIVE;
				GCC_WARN_UNUSED_FUNCTION = YES;
				GCC_WARN_UNUSED_VARIABLE = YES;
				IPHONEOS_DEPLOYMENT_TARGET = 9.2;
				MTL_ENABLE_DEBUG_INFO = NO;
				SDKROOT = iphoneos;
				VALIDATE_PRODUCT = YES;
			};
			name = Release;
		};
		8740ECF71C3FA998001F2E8B /* Debug */ = {
			isa = XCBuildConfiguration;
			buildSettings = {
				ASSETCATALOG_COMPILER_APPICON_NAME = AppIcon;
				FRAMEWORK_SEARCH_PATHS = (
					"$(inherited)",
					"$(PROJECT_DIR)/Carthage/Build/iOS",
				);
				INFOPLIST_FILE = HomeAccess/Info.plist;
				LD_RUNPATH_SEARCH_PATHS = "$(inherited) @executable_path/Frameworks";
				PRODUCT_BUNDLE_IDENTIFIER = com.MarcoLi.HomeAccess;
				PRODUCT_NAME = "$(TARGET_NAME)";
			};
			name = Debug;
		};
		8740ECF81C3FA998001F2E8B /* Release */ = {
			isa = XCBuildConfiguration;
			buildSettings = {
				ASSETCATALOG_COMPILER_APPICON_NAME = AppIcon;
				FRAMEWORK_SEARCH_PATHS = (
					"$(inherited)",
					"$(PROJECT_DIR)/Carthage/Build/iOS",
				);
				INFOPLIST_FILE = HomeAccess/Info.plist;
				LD_RUNPATH_SEARCH_PATHS = "$(inherited) @executable_path/Frameworks";
				PRODUCT_BUNDLE_IDENTIFIER = com.MarcoLi.HomeAccess;
				PRODUCT_NAME = "$(TARGET_NAME)";
			};
			name = Release;
		};
/* End XCBuildConfiguration section */

/* Begin XCConfigurationList section */
		8740ECDF1C3FA998001F2E8B /* Build configuration list for PBXProject "HomeAccess" */ = {
			isa = XCConfigurationList;
			buildConfigurations = (
				8740ECF41C3FA998001F2E8B /* Debug */,
				8740ECF51C3FA998001F2E8B /* Release */,
			);
			defaultConfigurationIsVisible = 0;
			defaultConfigurationName = Release;
		};
		8740ECF61C3FA998001F2E8B /* Build configuration list for PBXNativeTarget "HomeAccess" */ = {
			isa = XCConfigurationList;
			buildConfigurations = (
				8740ECF71C3FA998001F2E8B /* Debug */,
				8740ECF81C3FA998001F2E8B /* Release */,
			);
			defaultConfigurationIsVisible = 0;
		};
/* End XCConfigurationList section */
	};
	rootObject = 8740ECDC1C3FA998001F2E8B /* Project object */;
}
