// !$*UTF8*$!
{
	archiveVersion = 1;
	classes = {
	};
	objectVersion = 46;
	objects = {

/* Begin PBXBuildFile section */
		8732566C1C448D4300B8E77F /* DataSource.swift in Sources */ = {isa = PBXBuildFile; fileRef = 8732566B1C448D4300B8E77F /* DataSource.swift */; };
		873256721C44917D00B8E77F /* MainCell.swift in Sources */ = {isa = PBXBuildFile; fileRef = 873256711C44917D00B8E77F /* MainCell.swift */; };
		873CD63E1C434A790051A1B6 /* MainNavigationController.swift in Sources */ = {isa = PBXBuildFile; fileRef = 873CD63D1C434A790051A1B6 /* MainNavigationController.swift */; };
		873CD6411C434C790051A1B6 /* UserCenter.swift in Sources */ = {isa = PBXBuildFile; fileRef = 873CD6401C434C790051A1B6 /* UserCenter.swift */; };
		873CD6441C4354050051A1B6 /* NetworkManager.swift in Sources */ = {isa = PBXBuildFile; fileRef = 873CD6431C4354050051A1B6 /* NetworkManager.swift */; };
		873CD6481C4382340051A1B6 /* ViewModel.swift in Sources */ = {isa = PBXBuildFile; fileRef = 873CD6471C4382340051A1B6 /* ViewModel.swift */; };
		873CD64E1C439F2B0051A1B6 /* LoginViewModel.swift in Sources */ = {isa = PBXBuildFile; fileRef = 873CD64D1C439F2B0051A1B6 /* LoginViewModel.swift */; };
		87409AF71C4F66C3008486AE /* GlobalConstants.swift in Sources */ = {isa = PBXBuildFile; fileRef = 87409AF61C4F66C3008486AE /* GlobalConstants.swift */; };
		8740ECE81C3FA998001F2E8B /* AppDelegate.swift in Sources */ = {isa = PBXBuildFile; fileRef = 8740ECE71C3FA998001F2E8B /* AppDelegate.swift */; };
		8740ECEA1C3FA998001F2E8B /* ViewController.swift in Sources */ = {isa = PBXBuildFile; fileRef = 8740ECE91C3FA998001F2E8B /* ViewController.swift */; };
		8740ECED1C3FA998001F2E8B /* Main.storyboard in Resources */ = {isa = PBXBuildFile; fileRef = 8740ECEB1C3FA998001F2E8B /* Main.storyboard */; };
		8740ECEF1C3FA998001F2E8B /* Assets.xcassets in Resources */ = {isa = PBXBuildFile; fileRef = 8740ECEE1C3FA998001F2E8B /* Assets.xcassets */; };
		8740ECF21C3FA998001F2E8B /* LaunchScreen.storyboard in Resources */ = {isa = PBXBuildFile; fileRef = 8740ECF01C3FA998001F2E8B /* LaunchScreen.storyboard */; };
		8740ECFD1C3FAD0B001F2E8B /* SwiftyJSON.framework in Frameworks */ = {isa = PBXBuildFile; fileRef = 8740ECF91C3FAD0B001F2E8B /* SwiftyJSON.framework */; };
		8740ECFE1C3FAD0B001F2E8B /* SwiftyJSON.framework in Embed Frameworks */ = {isa = PBXBuildFile; fileRef = 8740ECF91C3FAD0B001F2E8B /* SwiftyJSON.framework */; settings = {ATTRIBUTES = (CodeSignOnCopy, RemoveHeadersOnCopy, ); }; };
		8740ECFF1C3FAD0B001F2E8B /* SnapKit.framework in Frameworks */ = {isa = PBXBuildFile; fileRef = 8740ECFA1C3FAD0B001F2E8B /* SnapKit.framework */; };
		8740ED001C3FAD0B001F2E8B /* SnapKit.framework in Embed Frameworks */ = {isa = PBXBuildFile; fileRef = 8740ECFA1C3FAD0B001F2E8B /* SnapKit.framework */; settings = {ATTRIBUTES = (CodeSignOnCopy, RemoveHeadersOnCopy, ); }; };
		8740ED011C3FAD0B001F2E8B /* Alamofire.framework in Frameworks */ = {isa = PBXBuildFile; fileRef = 8740ECFB1C3FAD0B001F2E8B /* Alamofire.framework */; };
		8740ED021C3FAD0B001F2E8B /* Alamofire.framework in Embed Frameworks */ = {isa = PBXBuildFile; fileRef = 8740ECFB1C3FAD0B001F2E8B /* Alamofire.framework */; settings = {ATTRIBUTES = (CodeSignOnCopy, RemoveHeadersOnCopy, ); }; };
		8740ED031C3FAD0B001F2E8B /* RealmSwift.framework in Frameworks */ = {isa = PBXBuildFile; fileRef = 8740ECFC1C3FAD0B001F2E8B /* RealmSwift.framework */; };
		8740ED041C3FAD0B001F2E8B /* RealmSwift.framework in Embed Frameworks */ = {isa = PBXBuildFile; fileRef = 8740ECFC1C3FAD0B001F2E8B /* RealmSwift.framework */; settings = {ATTRIBUTES = (CodeSignOnCopy, RemoveHeadersOnCopy, ); }; };
		8740ED081C3FAD75001F2E8B /* Realm.framework in Frameworks */ = {isa = PBXBuildFile; fileRef = 8740ED071C3FAD75001F2E8B /* Realm.framework */; };
		8740ED091C3FAD75001F2E8B /* Realm.framework in Embed Frameworks */ = {isa = PBXBuildFile; fileRef = 8740ED071C3FAD75001F2E8B /* Realm.framework */; settings = {ATTRIBUTES = (CodeSignOnCopy, RemoveHeadersOnCopy, ); }; };
		8740ED0D1C3FAE09001F2E8B /* LoginNavigationController.swift in Sources */ = {isa = PBXBuildFile; fileRef = 8740ED0C1C3FAE09001F2E8B /* LoginNavigationController.swift */; };
		8740ED0F1C3FAE67001F2E8B /* LoginViewController.swift in Sources */ = {isa = PBXBuildFile; fileRef = 8740ED0E1C3FAE67001F2E8B /* LoginViewController.swift */; };
		874776131C4DD5DE00B63F72 /* MenuTableViewCell.swift in Sources */ = {isa = PBXBuildFile; fileRef = 874776121C4DD5DE00B63F72 /* MenuTableViewCell.swift */; };
		8749B9A11C4CB52E0000E13E /* SVProgressHUD.framework in Frameworks */ = {isa = PBXBuildFile; fileRef = 8749B9A01C4CB52E0000E13E /* SVProgressHUD.framework */; };
		8749B9A31C4CB5390000E13E /* SVProgressHUD.framework in Embed Frameworks */ = {isa = PBXBuildFile; fileRef = 8749B9A01C4CB52E0000E13E /* SVProgressHUD.framework */; settings = {ATTRIBUTES = (CodeSignOnCopy, RemoveHeadersOnCopy, ); }; };
		8749B9A61C4CC28C0000E13E /* JVFloatLabeledText.framework in Frameworks */ = {isa = PBXBuildFile; fileRef = 8749B9A41C4CC27F0000E13E /* JVFloatLabeledText.framework */; };
		8749B9A71C4CC28C0000E13E /* JVFloatLabeledText.framework in Embed Frameworks */ = {isa = PBXBuildFile; fileRef = 8749B9A41C4CC27F0000E13E /* JVFloatLabeledText.framework */; settings = {ATTRIBUTES = (CodeSignOnCopy, RemoveHeadersOnCopy, ); }; };
		8749B9AE1C4CC8C80000E13E /* RegisterViewController.swift in Sources */ = {isa = PBXBuildFile; fileRef = 8749B9AD1C4CC8C80000E13E /* RegisterViewController.swift */; };
		8749B9B11C4CC96A0000E13E /* ForgetViewController.swift in Sources */ = {isa = PBXBuildFile; fileRef = 8749B9B01C4CC96A0000E13E /* ForgetViewController.swift */; };
		876AE4991C4F1F4400702A1F /* MainPageNavigationController.swift in Sources */ = {isa = PBXBuildFile; fileRef = 876AE4981C4F1F4300702A1F /* MainPageNavigationController.swift */; };
		877C4DD01C449DB800CFE731 /* ServerInfoViewController.swift in Sources */ = {isa = PBXBuildFile; fileRef = 877C4DCF1C449DB800CFE731 /* ServerInfoViewController.swift */; };
		877C4DD51C449DF000CFE731 /* ServerInfoViewModel.swift in Sources */ = {isa = PBXBuildFile; fileRef = 877C4DD41C449DF000CFE731 /* ServerInfoViewModel.swift */; };
		877C4DD91C449EA200CFE731 /* ServerInfoDataFrame.swift in Sources */ = {isa = PBXBuildFile; fileRef = 877C4DD81C449EA200CFE731 /* ServerInfoDataFrame.swift */; };
		879B35291C45FBB600383F41 /* DeviceCell.swift in Sources */ = {isa = PBXBuildFile; fileRef = 879B35281C45FBB600383F41 /* DeviceCell.swift */; };
		879B352C1C46027E00383F41 /* DeviceDetailViewController.swift in Sources */ = {isa = PBXBuildFile; fileRef = 879B352B1C46027E00383F41 /* DeviceDetailViewController.swift */; };
		879B352E1C461BED00383F41 /* DeviceDetailViewModel.swift in Sources */ = {isa = PBXBuildFile; fileRef = 879B352D1C461BED00383F41 /* DeviceDetailViewModel.swift */; };
		879B35311C47428600383F41 /* Extensions.swift in Sources */ = {isa = PBXBuildFile; fileRef = 879B35301C47428600383F41 /* Extensions.swift */; };
		87BCB3521C44CC4200291CE9 /* DeviceListViewController.swift in Sources */ = {isa = PBXBuildFile; fileRef = 87BCB3511C44CC4200291CE9 /* DeviceListViewController.swift */; };
		87BCB3571C44CE8F00291CE9 /* DeviceListViewModel.swift in Sources */ = {isa = PBXBuildFile; fileRef = 87BCB3561C44CE8F00291CE9 /* DeviceListViewModel.swift */; };
		87BCB36A1C45E33400291CE9 /* Device.swift in Sources */ = {isa = PBXBuildFile; fileRef = 87BCB3691C45E33400291CE9 /* Device.swift */; };
		87BCB36D1C45E75B00291CE9 /* UserInfoViewController.swift in Sources */ = {isa = PBXBuildFile; fileRef = 87BCB36C1C45E75B00291CE9 /* UserInfoViewController.swift */; };
		87BCB36F1C45E8D700291CE9 /* UserInfoViewModel.swift in Sources */ = {isa = PBXBuildFile; fileRef = 87BCB36E1C45E8D700291CE9 /* UserInfoViewModel.swift */; };
		87BCB3711C45E8FC00291CE9 /* User.swift in Sources */ = {isa = PBXBuildFile; fileRef = 87BCB3701C45E8FC00291CE9 /* User.swift */; };
		87CF4E8C1C4CD0AD007748FE /* Utility.m in Sources */ = {isa = PBXBuildFile; fileRef = 87CF4E8B1C4CD0AD007748FE /* Utility.m */; };
		87CF4E8E1C4CD506007748FE /* RegisterViewModel.swift in Sources */ = {isa = PBXBuildFile; fileRef = 87CF4E8D1C4CD506007748FE /* RegisterViewModel.swift */; };
		87CF4E901C4CE6C2007748FE /* ForgetViewModel.swift in Sources */ = {isa = PBXBuildFile; fileRef = 87CF4E8F1C4CE6C2007748FE /* ForgetViewModel.swift */; };
		87CF4E941C4DC94F007748FE /* MenuViewController.swift in Sources */ = {isa = PBXBuildFile; fileRef = 87CF4E931C4DC94F007748FE /* MenuViewController.swift */; };
		87CF4E961C4DC99C007748FE /* MainViewController.swift in Sources */ = {isa = PBXBuildFile; fileRef = 87CF4E951C4DC99C007748FE /* MainViewController.swift */; };
		87D768751C4DE97500CE3575 /* MEDynamicTransition.m in Sources */ = {isa = PBXBuildFile; fileRef = 87D768721C4DE97500CE3575 /* MEDynamicTransition.m */; };
		87D768761C4DE97500CE3575 /* MEZoomAnimationController.m in Sources */ = {isa = PBXBuildFile; fileRef = 87D768741C4DE97500CE3575 /* MEZoomAnimationController.m */; };
		D9D2CD20359A82CF9C843B3B /* Pods_HomeAccess.framework in Frameworks */ = {isa = PBXBuildFile; fileRef = E8A6DBD8CB4E17F428994822 /* Pods_HomeAccess.framework */; };
/* End PBXBuildFile section */

/* Begin PBXCopyFilesBuildPhase section */
		8740ED051C3FAD0C001F2E8B /* Embed Frameworks */ = {
			isa = PBXCopyFilesBuildPhase;
			buildActionMask = 2147483647;
			dstPath = "";
			dstSubfolderSpec = 10;
			files = (
				8749B9A31C4CB5390000E13E /* SVProgressHUD.framework in Embed Frameworks */,
				8740ECFE1C3FAD0B001F2E8B /* SwiftyJSON.framework in Embed Frameworks */,
				8749B9A71C4CC28C0000E13E /* JVFloatLabeledText.framework in Embed Frameworks */,
				8740ED021C3FAD0B001F2E8B /* Alamofire.framework in Embed Frameworks */,
				8740ED041C3FAD0B001F2E8B /* RealmSwift.framework in Embed Frameworks */,
				8740ED001C3FAD0B001F2E8B /* SnapKit.framework in Embed Frameworks */,
				8740ED091C3FAD75001F2E8B /* Realm.framework in Embed Frameworks */,
			);
			name = "Embed Frameworks";
			runOnlyForDeploymentPostprocessing = 0;
		};
/* End PBXCopyFilesBuildPhase section */

/* Begin PBXFileReference section */
		1E902D471288645AB52373ED /* Pods-HomeAccess.debug.xcconfig */ = {isa = PBXFileReference; includeInIndex = 1; lastKnownFileType = text.xcconfig; name = "Pods-HomeAccess.debug.xcconfig"; path = "Pods/Target Support Files/Pods-HomeAccess/Pods-HomeAccess.debug.xcconfig"; sourceTree = "<group>"; };
		8732566B1C448D4300B8E77F /* DataSource.swift */ = {isa = PBXFileReference; fileEncoding = 4; lastKnownFileType = sourcecode.swift; path = DataSource.swift; sourceTree = "<group>"; };
		873256711C44917D00B8E77F /* MainCell.swift */ = {isa = PBXFileReference; fileEncoding = 4; lastKnownFileType = sourcecode.swift; path = MainCell.swift; sourceTree = "<group>"; };
		873CD63D1C434A790051A1B6 /* MainNavigationController.swift */ = {isa = PBXFileReference; fileEncoding = 4; lastKnownFileType = sourcecode.swift; path = MainNavigationController.swift; sourceTree = "<group>"; };
		873CD6401C434C790051A1B6 /* UserCenter.swift */ = {isa = PBXFileReference; fileEncoding = 4; lastKnownFileType = sourcecode.swift; path = UserCenter.swift; sourceTree = "<group>"; };
		873CD6431C4354050051A1B6 /* NetworkManager.swift */ = {isa = PBXFileReference; fileEncoding = 4; lastKnownFileType = sourcecode.swift; path = NetworkManager.swift; sourceTree = "<group>"; };
		873CD6471C4382340051A1B6 /* ViewModel.swift */ = {isa = PBXFileReference; fileEncoding = 4; lastKnownFileType = sourcecode.swift; path = ViewModel.swift; sourceTree = "<group>"; };
		873CD64D1C439F2B0051A1B6 /* LoginViewModel.swift */ = {isa = PBXFileReference; fileEncoding = 4; lastKnownFileType = sourcecode.swift; path = LoginViewModel.swift; sourceTree = "<group>"; };
		87409AF61C4F66C3008486AE /* GlobalConstants.swift */ = {isa = PBXFileReference; fileEncoding = 4; lastKnownFileType = sourcecode.swift; path = GlobalConstants.swift; sourceTree = "<group>"; };
		8740ECE41C3FA998001F2E8B /* HomeAccess.app */ = {isa = PBXFileReference; explicitFileType = wrapper.application; includeInIndex = 0; path = HomeAccess.app; sourceTree = BUILT_PRODUCTS_DIR; };
		8740ECE71C3FA998001F2E8B /* AppDelegate.swift */ = {isa = PBXFileReference; lastKnownFileType = sourcecode.swift; path = AppDelegate.swift; sourceTree = "<group>"; };
		8740ECE91C3FA998001F2E8B /* ViewController.swift */ = {isa = PBXFileReference; lastKnownFileType = sourcecode.swift; path = ViewController.swift; sourceTree = "<group>"; };
		8740ECEC1C3FA998001F2E8B /* Base */ = {isa = PBXFileReference; lastKnownFileType = file.storyboard; name = Base; path = Base.lproj/Main.storyboard; sourceTree = "<group>"; };
		8740ECEE1C3FA998001F2E8B /* Assets.xcassets */ = {isa = PBXFileReference; lastKnownFileType = folder.assetcatalog; path = Assets.xcassets; sourceTree = "<group>"; };
		8740ECF11C3FA998001F2E8B /* Base */ = {isa = PBXFileReference; lastKnownFileType = file.storyboard; name = Base; path = Base.lproj/LaunchScreen.storyboard; sourceTree = "<group>"; };
		8740ECF31C3FA998001F2E8B /* Info.plist */ = {isa = PBXFileReference; lastKnownFileType = text.plist.xml; path = Info.plist; sourceTree = "<group>"; };
		8740ECF91C3FAD0B001F2E8B /* SwiftyJSON.framework */ = {isa = PBXFileReference; lastKnownFileType = wrapper.framework; name = SwiftyJSON.framework; path = Carthage/Build/iOS/SwiftyJSON.framework; sourceTree = "<group>"; };
		8740ECFA1C3FAD0B001F2E8B /* SnapKit.framework */ = {isa = PBXFileReference; lastKnownFileType = wrapper.framework; name = SnapKit.framework; path = Carthage/Build/iOS/SnapKit.framework; sourceTree = "<group>"; };
		8740ECFB1C3FAD0B001F2E8B /* Alamofire.framework */ = {isa = PBXFileReference; lastKnownFileType = wrapper.framework; name = Alamofire.framework; path = Carthage/Build/iOS/Alamofire.framework; sourceTree = "<group>"; };
		8740ECFC1C3FAD0B001F2E8B /* RealmSwift.framework */ = {isa = PBXFileReference; lastKnownFileType = wrapper.framework; name = RealmSwift.framework; path = Carthage/Build/iOS/RealmSwift.framework; sourceTree = "<group>"; };
		8740ED071C3FAD75001F2E8B /* Realm.framework */ = {isa = PBXFileReference; lastKnownFileType = wrapper.framework; name = Realm.framework; path = Carthage/Build/iOS/Realm.framework; sourceTree = "<group>"; };
		8740ED0C1C3FAE09001F2E8B /* LoginNavigationController.swift */ = {isa = PBXFileReference; fileEncoding = 4; lastKnownFileType = sourcecode.swift; path = LoginNavigationController.swift; sourceTree = "<group>"; };
		8740ED0E1C3FAE67001F2E8B /* LoginViewController.swift */ = {isa = PBXFileReference; fileEncoding = 4; lastKnownFileType = sourcecode.swift; path = LoginViewController.swift; sourceTree = "<group>"; };
		874776121C4DD5DE00B63F72 /* MenuTableViewCell.swift */ = {isa = PBXFileReference; fileEncoding = 4; lastKnownFileType = sourcecode.swift; path = MenuTableViewCell.swift; sourceTree = "<group>"; };
		8749B9A01C4CB52E0000E13E /* SVProgressHUD.framework */ = {isa = PBXFileReference; lastKnownFileType = wrapper.framework; name = SVProgressHUD.framework; path = Carthage/Build/iOS/SVProgressHUD.framework; sourceTree = "<group>"; };
		8749B9A41C4CC27F0000E13E /* JVFloatLabeledText.framework */ = {isa = PBXFileReference; lastKnownFileType = wrapper.framework; name = JVFloatLabeledText.framework; path = Carthage/Build/iOS/JVFloatLabeledText.framework; sourceTree = "<group>"; };
		8749B9A81C4CC3C00000E13E /* HomeAccess-Bridging-Header.h */ = {isa = PBXFileReference; lastKnownFileType = sourcecode.c.h; path = "HomeAccess-Bridging-Header.h"; sourceTree = "<group>"; };
		8749B9AD1C4CC8C80000E13E /* RegisterViewController.swift */ = {isa = PBXFileReference; fileEncoding = 4; lastKnownFileType = sourcecode.swift; path = RegisterViewController.swift; sourceTree = "<group>"; };
		8749B9B01C4CC96A0000E13E /* ForgetViewController.swift */ = {isa = PBXFileReference; fileEncoding = 4; lastKnownFileType = sourcecode.swift; path = ForgetViewController.swift; sourceTree = "<group>"; };
		876AE4981C4F1F4300702A1F /* MainPageNavigationController.swift */ = {isa = PBXFileReference; fileEncoding = 4; lastKnownFileType = sourcecode.swift; path = MainPageNavigationController.swift; sourceTree = "<group>"; };
		877C4DCF1C449DB800CFE731 /* ServerInfoViewController.swift */ = {isa = PBXFileReference; fileEncoding = 4; lastKnownFileType = sourcecode.swift; path = ServerInfoViewController.swift; sourceTree = "<group>"; };
		877C4DD41C449DF000CFE731 /* ServerInfoViewModel.swift */ = {isa = PBXFileReference; fileEncoding = 4; lastKnownFileType = sourcecode.swift; path = ServerInfoViewModel.swift; sourceTree = "<group>"; };
		877C4DD81C449EA200CFE731 /* ServerInfoDataFrame.swift */ = {isa = PBXFileReference; fileEncoding = 4; lastKnownFileType = sourcecode.swift; path = ServerInfoDataFrame.swift; sourceTree = "<group>"; };
		879B35281C45FBB600383F41 /* DeviceCell.swift */ = {isa = PBXFileReference; fileEncoding = 4; lastKnownFileType = sourcecode.swift; path = DeviceCell.swift; sourceTree = "<group>"; };
		879B352B1C46027E00383F41 /* DeviceDetailViewController.swift */ = {isa = PBXFileReference; fileEncoding = 4; lastKnownFileType = sourcecode.swift; path = DeviceDetailViewController.swift; sourceTree = "<group>"; };
		879B352D1C461BED00383F41 /* DeviceDetailViewModel.swift */ = {isa = PBXFileReference; fileEncoding = 4; lastKnownFileType = sourcecode.swift; path = DeviceDetailViewModel.swift; sourceTree = "<group>"; };
		879B35301C47428600383F41 /* Extensions.swift */ = {isa = PBXFileReference; fileEncoding = 4; lastKnownFileType = sourcecode.swift; path = Extensions.swift; sourceTree = "<group>"; };
		87BCB3511C44CC4200291CE9 /* DeviceListViewController.swift */ = {isa = PBXFileReference; fileEncoding = 4; lastKnownFileType = sourcecode.swift; path = DeviceListViewController.swift; sourceTree = "<group>"; };
		87BCB3561C44CE8F00291CE9 /* DeviceListViewModel.swift */ = {isa = PBXFileReference; fileEncoding = 4; lastKnownFileType = sourcecode.swift; path = DeviceListViewModel.swift; sourceTree = "<group>"; };
		87BCB3691C45E33400291CE9 /* Device.swift */ = {isa = PBXFileReference; fileEncoding = 4; lastKnownFileType = sourcecode.swift; path = Device.swift; sourceTree = "<group>"; };
		87BCB36C1C45E75B00291CE9 /* UserInfoViewController.swift */ = {isa = PBXFileReference; fileEncoding = 4; lastKnownFileType = sourcecode.swift; path = UserInfoViewController.swift; sourceTree = "<group>"; };
		87BCB36E1C45E8D700291CE9 /* UserInfoViewModel.swift */ = {isa = PBXFileReference; fileEncoding = 4; lastKnownFileType = sourcecode.swift; path = UserInfoViewModel.swift; sourceTree = "<group>"; };
		87BCB3701C45E8FC00291CE9 /* User.swift */ = {isa = PBXFileReference; fileEncoding = 4; lastKnownFileType = sourcecode.swift; path = User.swift; sourceTree = "<group>"; };
		87CF4E8A1C4CD0AD007748FE /* Utility.h */ = {isa = PBXFileReference; fileEncoding = 4; lastKnownFileType = sourcecode.c.h; path = Utility.h; sourceTree = "<group>"; };
		87CF4E8B1C4CD0AD007748FE /* Utility.m */ = {isa = PBXFileReference; fileEncoding = 4; lastKnownFileType = sourcecode.c.objc; path = Utility.m; sourceTree = "<group>"; };
		87CF4E8D1C4CD506007748FE /* RegisterViewModel.swift */ = {isa = PBXFileReference; fileEncoding = 4; lastKnownFileType = sourcecode.swift; path = RegisterViewModel.swift; sourceTree = "<group>"; };
		87CF4E8F1C4CE6C2007748FE /* ForgetViewModel.swift */ = {isa = PBXFileReference; fileEncoding = 4; lastKnownFileType = sourcecode.swift; path = ForgetViewModel.swift; sourceTree = "<group>"; };
		87CF4E931C4DC94F007748FE /* MenuViewController.swift */ = {isa = PBXFileReference; fileEncoding = 4; lastKnownFileType = sourcecode.swift; path = MenuViewController.swift; sourceTree = "<group>"; };
		87CF4E951C4DC99C007748FE /* MainViewController.swift */ = {isa = PBXFileReference; fileEncoding = 4; lastKnownFileType = sourcecode.swift; path = MainViewController.swift; sourceTree = "<group>"; };
		87D768711C4DE97500CE3575 /* MEDynamicTransition.h */ = {isa = PBXFileReference; fileEncoding = 4; lastKnownFileType = sourcecode.c.h; path = MEDynamicTransition.h; sourceTree = "<group>"; };
		87D768721C4DE97500CE3575 /* MEDynamicTransition.m */ = {isa = PBXFileReference; fileEncoding = 4; lastKnownFileType = sourcecode.c.objc; path = MEDynamicTransition.m; sourceTree = "<group>"; };
		87D768731C4DE97500CE3575 /* MEZoomAnimationController.h */ = {isa = PBXFileReference; fileEncoding = 4; lastKnownFileType = sourcecode.c.h; path = MEZoomAnimationController.h; sourceTree = "<group>"; };
		87D768741C4DE97500CE3575 /* MEZoomAnimationController.m */ = {isa = PBXFileReference; fileEncoding = 4; lastKnownFileType = sourcecode.c.objc; path = MEZoomAnimationController.m; sourceTree = "<group>"; };
		E8A6DBD8CB4E17F428994822 /* Pods_HomeAccess.framework */ = {isa = PBXFileReference; explicitFileType = wrapper.framework; includeInIndex = 0; path = Pods_HomeAccess.framework; sourceTree = BUILT_PRODUCTS_DIR; };
		F0F60D55F0A77B3C61CB75B0 /* Pods-HomeAccess.release.xcconfig */ = {isa = PBXFileReference; includeInIndex = 1; lastKnownFileType = text.xcconfig; name = "Pods-HomeAccess.release.xcconfig"; path = "Pods/Target Support Files/Pods-HomeAccess/Pods-HomeAccess.release.xcconfig"; sourceTree = "<group>"; };
/* End PBXFileReference section */

/* Begin PBXFrameworksBuildPhase section */
		8740ECE11C3FA998001F2E8B /* Frameworks */ = {
			isa = PBXFrameworksBuildPhase;
			buildActionMask = 2147483647;
			files = (
				8749B9A61C4CC28C0000E13E /* JVFloatLabeledText.framework in Frameworks */,
				8749B9A11C4CB52E0000E13E /* SVProgressHUD.framework in Frameworks */,
				8740ECFD1C3FAD0B001F2E8B /* SwiftyJSON.framework in Frameworks */,
				8740ED011C3FAD0B001F2E8B /* Alamofire.framework in Frameworks */,
				8740ED031C3FAD0B001F2E8B /* RealmSwift.framework in Frameworks */,
				8740ECFF1C3FAD0B001F2E8B /* SnapKit.framework in Frameworks */,
				8740ED081C3FAD75001F2E8B /* Realm.framework in Frameworks */,
				D9D2CD20359A82CF9C843B3B /* Pods_HomeAccess.framework in Frameworks */,
			);
			runOnlyForDeploymentPostprocessing = 0;
		};
/* End PBXFrameworksBuildPhase section */

/* Begin PBXGroup section */
		8732566E1C448D6700B8E77F /* Vendor */ = {
			isa = PBXGroup;
			children = (
				87D768771C4DE97900CE3575 /* ECSlidingViewControllerAccessory */,
			);
			name = Vendor;
			sourceTree = "<group>";
		};
		8732566F1C448D7000B8E77F /* Util */ = {
			isa = PBXGroup;
			children = (
				87409AF61C4F66C3008486AE /* GlobalConstants.swift */,
				8732566B1C448D4300B8E77F /* DataSource.swift */,
				87CF4E8A1C4CD0AD007748FE /* Utility.h */,
				87CF4E8B1C4CD0AD007748FE /* Utility.m */,
			);
			name = Util;
			sourceTree = "<group>";
		};
		873CD63B1C434A450051A1B6 /* LogSystem */ = {
			isa = PBXGroup;
			children = (
				8749B9AF1C4CC95D0000E13E /* ForgetPassword */,
				8749B9AC1C4CC8B40000E13E /* Register */,
				8740ED0C1C3FAE09001F2E8B /* LoginNavigationController.swift */,
				8740ED0E1C3FAE67001F2E8B /* LoginViewController.swift */,
				873CD64D1C439F2B0051A1B6 /* LoginViewModel.swift */,
			);
			name = LogSystem;
			sourceTree = "<group>";
		};
		873CD63C1C434A560051A1B6 /* Main */ = {
			isa = PBXGroup;
			children = (
				876AE4981C4F1F4300702A1F /* MainPageNavigationController.swift */,
				87CF4E951C4DC99C007748FE /* MainViewController.swift */,
				879B35271C45FACC00383F41 /* OpenDoor */,
				873256711C44917D00B8E77F /* MainCell.swift */,
				873CD6471C4382340051A1B6 /* ViewModel.swift */,
				873CD63D1C434A790051A1B6 /* MainNavigationController.swift */,
				8740ECE91C3FA998001F2E8B /* ViewController.swift */,
				87BCB36B1C45E74000291CE9 /* UserInfo */,
				877C4DCE1C449D8300CFE731 /* ServerInfo */,
				87BCB3501C44CC1F00291CE9 /* DeviceList */,
			);
			name = Main;
			sourceTree = "<group>";
		};
		873CD63F1C434C480051A1B6 /* UserCenter */ = {
			isa = PBXGroup;
			children = (
				873CD6401C434C790051A1B6 /* UserCenter.swift */,
			);
			name = UserCenter;
			sourceTree = "<group>";
		};
		873CD6421C4353D00051A1B6 /* NetworkManager */ = {
			isa = PBXGroup;
			children = (
				873CD6431C4354050051A1B6 /* NetworkManager.swift */,
			);
			name = NetworkManager;
			sourceTree = "<group>";
		};
		8740ECDB1C3FA998001F2E8B = {
			isa = PBXGroup;
			children = (
				8749B9A41C4CC27F0000E13E /* JVFloatLabeledText.framework */,
				8749B9A01C4CB52E0000E13E /* SVProgressHUD.framework */,
				8740ED071C3FAD75001F2E8B /* Realm.framework */,
				8740ECF91C3FAD0B001F2E8B /* SwiftyJSON.framework */,
				8740ECFA1C3FAD0B001F2E8B /* SnapKit.framework */,
				8740ECFB1C3FAD0B001F2E8B /* Alamofire.framework */,
				8740ECFC1C3FAD0B001F2E8B /* RealmSwift.framework */,
				8740ECE61C3FA998001F2E8B /* HomeAccess */,
				8740ECE51C3FA998001F2E8B /* Products */,
				8C342C61C7C371433AAAB4D5 /* Pods */,
				D5AE958B5565DCAD420A9E21 /* Frameworks */,
			);
			sourceTree = "<group>";
		};
		8740ECE51C3FA998001F2E8B /* Products */ = {
			isa = PBXGroup;
			children = (
				8740ECE41C3FA998001F2E8B /* HomeAccess.app */,
			);
			name = Products;
			sourceTree = "<group>";
		};
		8740ECE61C3FA998001F2E8B /* HomeAccess */ = {
			isa = PBXGroup;
			children = (
				8749B9A81C4CC3C00000E13E /* HomeAccess-Bridging-Header.h */,
				8740ECE71C3FA998001F2E8B /* AppDelegate.swift */,
				874776141C4DD8D700B63F72 /* Menu */,
				873CD63C1C434A560051A1B6 /* Main */,
				873CD63B1C434A450051A1B6 /* LogSystem */,
				879B352F1C47427500383F41 /* Extensions */,
				8732566F1C448D7000B8E77F /* Util */,
				8732566E1C448D6700B8E77F /* Vendor */,
				873CD6421C4353D00051A1B6 /* NetworkManager */,
				873CD63F1C434C480051A1B6 /* UserCenter */,
				8740ECEE1C3FA998001F2E8B /* Assets.xcassets */,
				8740ECEB1C3FA998001F2E8B /* Main.storyboard */,
				8740ECF01C3FA998001F2E8B /* LaunchScreen.storyboard */,
				8740ECF31C3FA998001F2E8B /* Info.plist */,
			);
			path = HomeAccess;
			sourceTree = "<group>";
		};
		874776141C4DD8D700B63F72 /* Menu */ = {
			isa = PBXGroup;
			children = (
				87CF4E931C4DC94F007748FE /* MenuViewController.swift */,
				874776121C4DD5DE00B63F72 /* MenuTableViewCell.swift */,
			);
			name = Menu;
			sourceTree = "<group>";
		};
		8749B9AC1C4CC8B40000E13E /* Register */ = {
			isa = PBXGroup;
			children = (
				8749B9AD1C4CC8C80000E13E /* RegisterViewController.swift */,
				87CF4E8D1C4CD506007748FE /* RegisterViewModel.swift */,
			);
			name = Register;
			sourceTree = "<group>";
		};
		8749B9AF1C4CC95D0000E13E /* ForgetPassword */ = {
			isa = PBXGroup;
			children = (
				8749B9B01C4CC96A0000E13E /* ForgetViewController.swift */,
				87CF4E8F1C4CE6C2007748FE /* ForgetViewModel.swift */,
			);
			name = ForgetPassword;
			sourceTree = "<group>";
		};
		877C4DCE1C449D8300CFE731 /* ServerInfo */ = {
			isa = PBXGroup;
			children = (
				877C4DD41C449DF000CFE731 /* ServerInfoViewModel.swift */,
				877C4DD81C449EA200CFE731 /* ServerInfoDataFrame.swift */,
				877C4DCF1C449DB800CFE731 /* ServerInfoViewController.swift */,
			);
			name = ServerInfo;
			sourceTree = "<group>";
		};
		879B35271C45FACC00383F41 /* OpenDoor */ = {
			isa = PBXGroup;
			children = (
			);
			name = OpenDoor;
			sourceTree = "<group>";
		};
		879B352A1C46025B00383F41 /* DeviceDetail */ = {
			isa = PBXGroup;
			children = (
				879B352B1C46027E00383F41 /* DeviceDetailViewController.swift */,
				879B352D1C461BED00383F41 /* DeviceDetailViewModel.swift */,
			);
			name = DeviceDetail;
			sourceTree = "<group>";
		};
		879B352F1C47427500383F41 /* Extensions */ = {
			isa = PBXGroup;
			children = (
				879B35301C47428600383F41 /* Extensions.swift */,
			);
			name = Extensions;
			sourceTree = "<group>";
		};
		87BCB3501C44CC1F00291CE9 /* DeviceList */ = {
			isa = PBXGroup;
			children = (
				879B352A1C46025B00383F41 /* DeviceDetail */,
				87BCB3561C44CE8F00291CE9 /* DeviceListViewModel.swift */,
				87BCB3691C45E33400291CE9 /* Device.swift */,
				87BCB3511C44CC4200291CE9 /* DeviceListViewController.swift */,
				879B35281C45FBB600383F41 /* DeviceCell.swift */,
			);
			name = DeviceList;
			sourceTree = "<group>";
		};
		87BCB36B1C45E74000291CE9 /* UserInfo */ = {
			isa = PBXGroup;
			children = (
				87BCB36C1C45E75B00291CE9 /* UserInfoViewController.swift */,
				87BCB36E1C45E8D700291CE9 /* UserInfoViewModel.swift */,
				87BCB3701C45E8FC00291CE9 /* User.swift */,
			);
			name = UserInfo;
			sourceTree = "<group>";
		};
		87D768771C4DE97900CE3575 /* ECSlidingViewControllerAccessory */ = {
			isa = PBXGroup;
			children = (
				87D768711C4DE97500CE3575 /* MEDynamicTransition.h */,
				87D768721C4DE97500CE3575 /* MEDynamicTransition.m */,
				87D768731C4DE97500CE3575 /* MEZoomAnimationController.h */,
				87D768741C4DE97500CE3575 /* MEZoomAnimationController.m */,
			);
			name = ECSlidingViewControllerAccessory;
			sourceTree = "<group>";
		};
		8C342C61C7C371433AAAB4D5 /* Pods */ = {
			isa = PBXGroup;
			children = (
				1E902D471288645AB52373ED /* Pods-HomeAccess.debug.xcconfig */,
				F0F60D55F0A77B3C61CB75B0 /* Pods-HomeAccess.release.xcconfig */,
			);
			name = Pods;
			sourceTree = "<group>";
		};
		D5AE958B5565DCAD420A9E21 /* Frameworks */ = {
			isa = PBXGroup;
			children = (
				E8A6DBD8CB4E17F428994822 /* Pods_HomeAccess.framework */,
			);
			name = Frameworks;
			sourceTree = "<group>";
		};
/* End PBXGroup section */

/* Begin PBXNativeTarget section */
		8740ECE31C3FA998001F2E8B /* HomeAccess */ = {
			isa = PBXNativeTarget;
			buildConfigurationList = 8740ECF61C3FA998001F2E8B /* Build configuration list for PBXNativeTarget "HomeAccess" */;
			buildPhases = (
				88021C02A50690C25565C739 /* Check Pods Manifest.lock */,
				8740ECE01C3FA998001F2E8B /* Sources */,
				8740ECE11C3FA998001F2E8B /* Frameworks */,
				8740ECE21C3FA998001F2E8B /* Resources */,
				8740ED051C3FAD0C001F2E8B /* Embed Frameworks */,
				8740ED061C3FAD27001F2E8B /* ShellScript */,
				4EBDD94A95F242B9CE8BA1B3 /* Embed Pods Frameworks */,
				83EF4CCBFC4C770A8025E96D /* Copy Pods Resources */,
			);
			buildRules = (
			);
			dependencies = (
			);
			name = HomeAccess;
			productName = HomeAccess;
			productReference = 8740ECE41C3FA998001F2E8B /* HomeAccess.app */;
			productType = "com.apple.product-type.application";
		};
/* End PBXNativeTarget section */

/* Begin PBXProject section */
		8740ECDC1C3FA998001F2E8B /* Project object */ = {
			isa = PBXProject;
			attributes = {
				LastSwiftUpdateCheck = 0720;
				LastUpgradeCheck = 0720;
				ORGANIZATIONNAME = MarcoLi;
				TargetAttributes = {
					8740ECE31C3FA998001F2E8B = {
						CreatedOnToolsVersion = 7.2;
					};
				};
			};
			buildConfigurationList = 8740ECDF1C3FA998001F2E8B /* Build configuration list for PBXProject "HomeAccess" */;
			compatibilityVersion = "Xcode 3.2";
			developmentRegion = English;
			hasScannedForEncodings = 0;
			knownRegions = (
				en,
				Base,
			);
			mainGroup = 8740ECDB1C3FA998001F2E8B;
			productRefGroup = 8740ECE51C3FA998001F2E8B /* Products */;
			projectDirPath = "";
			projectRoot = "";
			targets = (
				8740ECE31C3FA998001F2E8B /* HomeAccess */,
			);
		};
/* End PBXProject section */

/* Begin PBXResourcesBuildPhase section */
		8740ECE21C3FA998001F2E8B /* Resources */ = {
			isa = PBXResourcesBuildPhase;
			buildActionMask = 2147483647;
			files = (
				8740ECF21C3FA998001F2E8B /* LaunchScreen.storyboard in Resources */,
				8740ECEF1C3FA998001F2E8B /* Assets.xcassets in Resources */,
				8740ECED1C3FA998001F2E8B /* Main.storyboard in Resources */,
			);
			runOnlyForDeploymentPostprocessing = 0;
		};
/* End PBXResourcesBuildPhase section */

/* Begin PBXShellScriptBuildPhase section */
		4EBDD94A95F242B9CE8BA1B3 /* Embed Pods Frameworks */ = {
			isa = PBXShellScriptBuildPhase;
			buildActionMask = 2147483647;
			files = (
			);
			inputPaths = (
			);
			name = "Embed Pods Frameworks";
			outputPaths = (
			);
			runOnlyForDeploymentPostprocessing = 0;
			shellPath = /bin/sh;
			shellScript = "\"${SRCROOT}/Pods/Target Support Files/Pods-HomeAccess/Pods-HomeAccess-frameworks.sh\"\n";
			showEnvVarsInLog = 0;
		};
		83EF4CCBFC4C770A8025E96D /* Copy Pods Resources */ = {
			isa = PBXShellScriptBuildPhase;
			buildActionMask = 2147483647;
			files = (
			);
			inputPaths = (
			);
			name = "Copy Pods Resources";
			outputPaths = (
			);
			runOnlyForDeploymentPostprocessing = 0;
			shellPath = /bin/sh;
			shellScript = "\"${SRCROOT}/Pods/Target Support Files/Pods-HomeAccess/Pods-HomeAccess-resources.sh\"\n";
			showEnvVarsInLog = 0;
		};
		8740ED061C3FAD27001F2E8B /* ShellScript */ = {
			isa = PBXShellScriptBuildPhase;
			buildActionMask = 2147483647;
			files = (
			);
			inputPaths = (
				"$(SRCROOT)/Carthage/Build/iOS/Realm.framework",
				"$(SRCROOT)/Carthage/Build/iOS/RealmSwift.framework",
			);
			outputPaths = (
			);
			runOnlyForDeploymentPostprocessing = 0;
			shellPath = /bin/sh;
			shellScript = "/usr/local/bin/carthage copy-frameworks\n";
		};
		88021C02A50690C25565C739 /* Check Pods Manifest.lock */ = {
			isa = PBXShellScriptBuildPhase;
			buildActionMask = 2147483647;
			files = (
			);
			inputPaths = (
			);
			name = "Check Pods Manifest.lock";
			outputPaths = (
			);
			runOnlyForDeploymentPostprocessing = 0;
			shellPath = /bin/sh;
			shellScript = "diff \"${PODS_ROOT}/../Podfile.lock\" \"${PODS_ROOT}/Manifest.lock\" > /dev/null\nif [[ $? != 0 ]] ; then\n    cat << EOM\nerror: The sandbox is not in sync with the Podfile.lock. Run 'pod install' or update your CocoaPods installation.\nEOM\n    exit 1\nfi\n";
			showEnvVarsInLog = 0;
		};
/* End PBXShellScriptBuildPhase section */

/* Begin PBXSourcesBuildPhase section */
		8740ECE01C3FA998001F2E8B /* Sources */ = {
			isa = PBXSourcesBuildPhase;
			buildActionMask = 2147483647;
			files = (
				87D768751C4DE97500CE3575 /* MEDynamicTransition.m in Sources */,
				873CD63E1C434A790051A1B6 /* MainNavigationController.swift in Sources */,
				87CF4E941C4DC94F007748FE /* MenuViewController.swift in Sources */,
				87D768761C4DE97500CE3575 /* MEZoomAnimationController.m in Sources */,
				873CD6481C4382340051A1B6 /* ViewModel.swift in Sources */,
				876AE4991C4F1F4400702A1F /* MainPageNavigationController.swift in Sources */,
				877C4DD51C449DF000CFE731 /* ServerInfoViewModel.swift in Sources */,
				879B352E1C461BED00383F41 /* DeviceDetailViewModel.swift in Sources */,
				873CD64E1C439F2B0051A1B6 /* LoginViewModel.swift in Sources */,
				877C4DD01C449DB800CFE731 /* ServerInfoViewController.swift in Sources */,
				87409AF71C4F66C3008486AE /* GlobalConstants.swift in Sources */,
				8740ED0F1C3FAE67001F2E8B /* LoginViewController.swift in Sources */,
				8740ECEA1C3FA998001F2E8B /* ViewController.swift in Sources */,
				873256721C44917D00B8E77F /* MainCell.swift in Sources */,
				874776131C4DD5DE00B63F72 /* MenuTableViewCell.swift in Sources */,
				8749B9B11C4CC96A0000E13E /* ForgetViewController.swift in Sources */,
				879B352C1C46027E00383F41 /* DeviceDetailViewController.swift in Sources */,
				873CD6441C4354050051A1B6 /* NetworkManager.swift in Sources */,
				8740ED0D1C3FAE09001F2E8B /* LoginNavigationController.swift in Sources */,
				87CF4E8C1C4CD0AD007748FE /* Utility.m in Sources */,
				8740ECE81C3FA998001F2E8B /* AppDelegate.swift in Sources */,
				87BCB36A1C45E33400291CE9 /* Device.swift in Sources */,
				87CF4E961C4DC99C007748FE /* MainViewController.swift in Sources */,
				87BCB3521C44CC4200291CE9 /* DeviceListViewController.swift in Sources */,
				87BCB3571C44CE8F00291CE9 /* DeviceListViewModel.swift in Sources */,
				8749B9AE1C4CC8C80000E13E /* RegisterViewController.swift in Sources */,
				8732566C1C448D4300B8E77F /* DataSource.swift in Sources */,
				87CF4E901C4CE6C2007748FE /* ForgetViewModel.swift in Sources */,
				877C4DD91C449EA200CFE731 /* ServerInfoDataFrame.swift in Sources */,
				87BCB36F1C45E8D700291CE9 /* UserInfoViewModel.swift in Sources */,
				879B35311C47428600383F41 /* Extensions.swift in Sources */,
				87CF4E8E1C4CD506007748FE /* RegisterViewModel.swift in Sources */,
				879B35291C45FBB600383F41 /* DeviceCell.swift in Sources */,
				873CD6411C434C790051A1B6 /* UserCenter.swift in Sources */,
				87BCB36D1C45E75B00291CE9 /* UserInfoViewController.swift in Sources */,
				87BCB3711C45E8FC00291CE9 /* User.swift in Sources */,
			);
			runOnlyForDeploymentPostprocessing = 0;
		};
/* End PBXSourcesBuildPhase section */

/* Begin PBXVariantGroup section */
		8740ECEB1C3FA998001F2E8B /* Main.storyboard */ = {
			isa = PBXVariantGroup;
			children = (
				8740ECEC1C3FA998001F2E8B /* Base */,
			);
			name = Main.storyboard;
			sourceTree = "<group>";
		};
		8740ECF01C3FA998001F2E8B /* LaunchScreen.storyboard */ = {
			isa = PBXVariantGroup;
			children = (
				8740ECF11C3FA998001F2E8B /* Base */,
			);
			name = LaunchScreen.storyboard;
			sourceTree = "<group>";
		};
/* End PBXVariantGroup section */

/* Begin XCBuildConfiguration section */
		8740ECF41C3FA998001F2E8B /* Debug */ = {
			isa = XCBuildConfiguration;
			buildSettings = {
				ALWAYS_SEARCH_USER_PATHS = NO;
				CLANG_CXX_LANGUAGE_STANDARD = "gnu++0x";
				CLANG_CXX_LIBRARY = "libc++";
				CLANG_ENABLE_MODULES = YES;
				CLANG_ENABLE_OBJC_ARC = YES;
				CLANG_WARN_BOOL_CONVERSION = YES;
				CLANG_WARN_CONSTANT_CONVERSION = YES;
				CLANG_WARN_DIRECT_OBJC_ISA_USAGE = YES_ERROR;
				CLANG_WARN_EMPTY_BODY = YES;
				CLANG_WARN_ENUM_CONVERSION = YES;
				CLANG_WARN_INT_CONVERSION = YES;
				CLANG_WARN_OBJC_ROOT_CLASS = YES_ERROR;
				CLANG_WARN_UNREACHABLE_CODE = YES;
				CLANG_WARN__DUPLICATE_METHOD_MATCH = YES;
				"CODE_SIGN_IDENTITY[sdk=iphoneos*]" = "iPhone Developer";
				COPY_PHASE_STRIP = NO;
				DEBUG_INFORMATION_FORMAT = dwarf;
				ENABLE_STRICT_OBJC_MSGSEND = YES;
				ENABLE_TESTABILITY = YES;
				GCC_C_LANGUAGE_STANDARD = gnu99;
				GCC_DYNAMIC_NO_PIC = NO;
				GCC_NO_COMMON_BLOCKS = YES;
				GCC_OPTIMIZATION_LEVEL = 0;
				GCC_PREPROCESSOR_DEFINITIONS = (
					"DEBUG=1",
					"$(inherited)",
				);
				GCC_WARN_64_TO_32_BIT_CONVERSION = YES;
				GCC_WARN_ABOUT_RETURN_TYPE = YES_ERROR;
				GCC_WARN_UNDECLARED_SELECTOR = YES;
				GCC_WARN_UNINITIALIZED_AUTOS = YES_AGGRESSIVE;
				GCC_WARN_UNUSED_FUNCTION = YES;
				GCC_WARN_UNUSED_VARIABLE = YES;
				IPHONEOS_DEPLOYMENT_TARGET = 9.2;
				MTL_ENABLE_DEBUG_INFO = YES;
				ONLY_ACTIVE_ARCH = YES;
				SDKROOT = iphoneos;
				SWIFT_OPTIMIZATION_LEVEL = "-Onone";
			};
			name = Debug;
		};
		8740ECF51C3FA998001F2E8B /* Release */ = {
			isa = XCBuildConfiguration;
			buildSettings = {
				ALWAYS_SEARCH_USER_PATHS = NO;
				CLANG_CXX_LANGUAGE_STANDARD = "gnu++0x";
				CLANG_CXX_LIBRARY = "libc++";
				CLANG_ENABLE_MODULES = YES;
				CLANG_ENABLE_OBJC_ARC = YES;
				CLANG_WARN_BOOL_CONVERSION = YES;
				CLANG_WARN_CONSTANT_CONVERSION = YES;
				CLANG_WARN_DIRECT_OBJC_ISA_USAGE = YES_ERROR;
				CLANG_WARN_EMPTY_BODY = YES;
				CLANG_WARN_ENUM_CONVERSION = YES;
				CLANG_WARN_INT_CONVERSION = YES;
				CLANG_WARN_OBJC_ROOT_CLASS = YES_ERROR;
				CLANG_WARN_UNREACHABLE_CODE = YES;
				CLANG_WARN__DUPLICATE_METHOD_MATCH = YES;
				"CODE_SIGN_IDENTITY[sdk=iphoneos*]" = "iPhone Developer";
				COPY_PHASE_STRIP = NO;
				DEBUG_INFORMATION_FORMAT = "dwarf-with-dsym";
				ENABLE_NS_ASSERTIONS = NO;
				ENABLE_STRICT_OBJC_MSGSEND = YES;
				GCC_C_LANGUAGE_STANDARD = gnu99;
				GCC_NO_COMMON_BLOCKS = YES;
				GCC_WARN_64_TO_32_BIT_CONVERSION = YES;
				GCC_WARN_ABOUT_RETURN_TYPE = YES_ERROR;
				GCC_WARN_UNDECLARED_SELECTOR = YES;
				GCC_WARN_UNINITIALIZED_AUTOS = YES_AGGRESSIVE;
				GCC_WARN_UNUSED_FUNCTION = YES;
				GCC_WARN_UNUSED_VARIABLE = YES;
				IPHONEOS_DEPLOYMENT_TARGET = 9.2;
				MTL_ENABLE_DEBUG_INFO = NO;
				SDKROOT = iphoneos;
				VALIDATE_PRODUCT = YES;
			};
			name = Release;
		};
		8740ECF71C3FA998001F2E8B /* Debug */ = {
			isa = XCBuildConfiguration;
			baseConfigurationReference = 1E902D471288645AB52373ED /* Pods-HomeAccess.debug.xcconfig */;
			buildSettings = {
				ASSETCATALOG_COMPILER_APPICON_NAME = AppIcon;
				CLANG_ENABLE_MODULES = YES;
				FRAMEWORK_SEARCH_PATHS = (
					"$(inherited)",
					"$(PROJECT_DIR)/Carthage/Build/iOS",
				);
				INFOPLIST_FILE = HomeAccess/Info.plist;
				IPHONEOS_DEPLOYMENT_TARGET = 8.0;
				LD_RUNPATH_SEARCH_PATHS = "$(inherited) @executable_path/Frameworks";
				PRODUCT_BUNDLE_IDENTIFIER = com.MarcoLi.HomeAccess;
				PRODUCT_NAME = "$(TARGET_NAME)";
				SWIFT_OBJC_BRIDGING_HEADER = "HomeAccess/HomeAccess-Bridging-Header.h";
				SWIFT_OPTIMIZATION_LEVEL = "-Onone";
			};
			name = Debug;
		};
		8740ECF81C3FA998001F2E8B /* Release */ = {
			isa = XCBuildConfiguration;
			baseConfigurationReference = F0F60D55F0A77B3C61CB75B0 /* Pods-HomeAccess.release.xcconfig */;
			buildSettings = {
				ASSETCATALOG_COMPILER_APPICON_NAME = AppIcon;
				CLANG_ENABLE_MODULES = YES;
				FRAMEWORK_SEARCH_PATHS = (
					"$(inherited)",
					"$(PROJECT_DIR)/Carthage/Build/iOS",
				);
				INFOPLIST_FILE = HomeAccess/Info.plist;
				IPHONEOS_DEPLOYMENT_TARGET = 8.0;
				LD_RUNPATH_SEARCH_PATHS = "$(inherited) @executable_path/Frameworks";
				PRODUCT_BUNDLE_IDENTIFIER = com.MarcoLi.HomeAccess;
				PRODUCT_NAME = "$(TARGET_NAME)";
				SWIFT_OBJC_BRIDGING_HEADER = "HomeAccess/HomeAccess-Bridging-Header.h";
			};
			name = Release;
		};
/* End XCBuildConfiguration section */

/* Begin XCConfigurationList section */
		8740ECDF1C3FA998001F2E8B /* Build configuration list for PBXProject "HomeAccess" */ = {
			isa = XCConfigurationList;
			buildConfigurations = (
				8740ECF41C3FA998001F2E8B /* Debug */,
				8740ECF51C3FA998001F2E8B /* Release */,
			);
			defaultConfigurationIsVisible = 0;
			defaultConfigurationName = Release;
		};
		8740ECF61C3FA998001F2E8B /* Build configuration list for PBXNativeTarget "HomeAccess" */ = {
			isa = XCConfigurationList;
			buildConfigurations = (
				8740ECF71C3FA998001F2E8B /* Debug */,
				8740ECF81C3FA998001F2E8B /* Release */,
			);
			defaultConfigurationIsVisible = 0;
			defaultConfigurationName = Release;
		};
/* End XCConfigurationList section */
	};
	rootObject = 8740ECDC1C3FA998001F2E8B /* Project object */;
}
